
Microsoft Visual Studio Solution File, Format Version 12.00
Project("{FAE04EC0-301F-11D3-BF4B-00C04F79EFBC}") = "ChipSecuritySystem", "ChipSecuritySystem\ChipSecuritySystem.csproj", "{4FE1B903-5CD2-4FE6-A228-D86A454989A5}"
EndProject
Global
	GlobalSection(SolutionConfigurationPlatforms) = preSolution
		Debug|Any CPU = Debug|Any CPU
		Release|Any CPU = Release|Any CPU
	EndGlobalSection
	GlobalSection(ProjectConfigurationPlatforms) = postSolution
		{4FE1B903-5CD2-4FE6-A228-D86A454989A5}.Debug|Any CPU.ActiveCfg = Debug|Any CPU
		{4FE1B903-5CD2-4FE6-A228-D86A454989A5}.Debug|Any CPU.Build.0 = Debug|Any CPU
		{4FE1B903-5CD2-4FE6-A228-D86A454989A5}.Release|Any CPU.ActiveCfg = Release|Any CPU
		{4FE1B903-5CD2-4FE6-A228-D86A454989A5}.Release|Any CPU.Build.0 = Release|Any CPU
	EndGlobalSection
EndGlobal
